// !$*UTF8*$!
{
	archiveVersion = 1;
	classes = {
	};
	objectVersion = 50;
	objects = {

/* Begin PBXBuildFile section */
		5C5D5A5B2451D823008C8D2B /* Person.swift in Sources */ = {isa = PBXBuildFile; fileRef = 5C5D5A5A2451D823008C8D2B /* Person.swift */; };
		5C661BC224507B61008B7DC9 /* AppDelegate.swift in Sources */ = {isa = PBXBuildFile; fileRef = 5C661BC124507B61008B7DC9 /* AppDelegate.swift */; };
		5C661BC424507B61008B7DC9 /* SceneDelegate.swift in Sources */ = {isa = PBXBuildFile; fileRef = 5C661BC324507B61008B7DC9 /* SceneDelegate.swift */; };
		5C661BC924507B61008B7DC9 /* Main.storyboard in Resources */ = {isa = PBXBuildFile; fileRef = 5C661BC724507B61008B7DC9 /* Main.storyboard */; };
		5C661BCB24507B63008B7DC9 /* Assets.xcassets in Resources */ = {isa = PBXBuildFile; fileRef = 5C661BCA24507B63008B7DC9 /* Assets.xcassets */; };
		5C661BCE24507B63008B7DC9 /* LaunchScreen.storyboard in Resources */ = {isa = PBXBuildFile; fileRef = 5C661BCC24507B63008B7DC9 /* LaunchScreen.storyboard */; };
		5C661BD624507B99008B7DC9 /* MainViewController.swift in Sources */ = {isa = PBXBuildFile; fileRef = 5C661BD524507B99008B7DC9 /* MainViewController.swift */; };
		5C661BDD24507C6B008B7DC9 /* Coordinator.swift in Sources */ = {isa = PBXBuildFile; fileRef = 5C661BDC24507C6B008B7DC9 /* Coordinator.swift */; };
		5C661BDF24507CA3008B7DC9 /* AppCoordinator.swift in Sources */ = {isa = PBXBuildFile; fileRef = 5C661BDE24507CA3008B7DC9 /* AppCoordinator.swift */; };
		5C661BE224507CFE008B7DC9 /* MainCoordinator.swift in Sources */ = {isa = PBXBuildFile; fileRef = 5C661BE124507CFE008B7DC9 /* MainCoordinator.swift */; };
		5C661BE424507DEE008B7DC9 /* StoryboardInitialize.swift in Sources */ = {isa = PBXBuildFile; fileRef = 5C661BE324507DEE008B7DC9 /* StoryboardInitialize.swift */; };
		5C661BE9245080F0008B7DC9 /* PersonCell.swift in Sources */ = {isa = PBXBuildFile; fileRef = 5C661BE8245080F0008B7DC9 /* PersonCell.swift */; };
/* End PBXBuildFile section */

/* Begin PBXFileReference section */
		5C5D5A5A2451D823008C8D2B /* Person.swift */ = {isa = PBXFileReference; lastKnownFileType = sourcecode.swift; path = Person.swift; sourceTree = "<group>"; };
		5C661BBE24507B61008B7DC9 /* Project10.app */ = {isa = PBXFileReference; explicitFileType = wrapper.application; includeInIndex = 0; path = Project10.app; sourceTree = BUILT_PRODUCTS_DIR; };
		5C661BC124507B61008B7DC9 /* AppDelegate.swift */ = {isa = PBXFileReference; lastKnownFileType = sourcecode.swift; path = AppDelegate.swift; sourceTree = "<group>"; };
		5C661BC324507B61008B7DC9 /* SceneDelegate.swift */ = {isa = PBXFileReference; lastKnownFileType = sourcecode.swift; path = SceneDelegate.swift; sourceTree = "<group>"; };
		5C661BC824507B61008B7DC9 /* Base */ = {isa = PBXFileReference; lastKnownFileType = file.storyboard; name = Base; path = Base.lproj/Main.storyboard; sourceTree = "<group>"; };
		5C661BCA24507B63008B7DC9 /* Assets.xcassets */ = {isa = PBXFileReference; lastKnownFileType = folder.assetcatalog; path = Assets.xcassets; sourceTree = "<group>"; };
		5C661BCD24507B63008B7DC9 /* Base */ = {isa = PBXFileReference; lastKnownFileType = file.storyboard; name = Base; path = Base.lproj/LaunchScreen.storyboard; sourceTree = "<group>"; };
		5C661BCF24507B63008B7DC9 /* Info.plist */ = {isa = PBXFileReference; lastKnownFileType = text.plist.xml; path = Info.plist; sourceTree = "<group>"; };
		5C661BD524507B99008B7DC9 /* MainViewController.swift */ = {isa = PBXFileReference; lastKnownFileType = sourcecode.swift; path = MainViewController.swift; sourceTree = "<group>"; };
		5C661BDC24507C6B008B7DC9 /* Coordinator.swift */ = {isa = PBXFileReference; lastKnownFileType = sourcecode.swift; path = Coordinator.swift; sourceTree = "<group>"; };
		5C661BDE24507CA3008B7DC9 /* AppCoordinator.swift */ = {isa = PBXFileReference; lastKnownFileType = sourcecode.swift; path = AppCoordinator.swift; sourceTree = "<group>"; };
		5C661BE124507CFE008B7DC9 /* MainCoordinator.swift */ = {isa = PBXFileReference; lastKnownFileType = sourcecode.swift; path = MainCoordinator.swift; sourceTree = "<group>"; };
		5C661BE324507DEE008B7DC9 /* StoryboardInitialize.swift */ = {isa = PBXFileReference; lastKnownFileType = sourcecode.swift; path = StoryboardInitialize.swift; sourceTree = "<group>"; };
		5C661BE8245080F0008B7DC9 /* PersonCell.swift */ = {isa = PBXFileReference; lastKnownFileType = sourcecode.swift; path = PersonCell.swift; sourceTree = "<group>"; };
/* End PBXFileReference section */

/* Begin PBXFrameworksBuildPhase section */
		5C661BBB24507B61008B7DC9 /* Frameworks */ = {
			isa = PBXFrameworksBuildPhase;
			buildActionMask = 2147483647;
			files = (
			);
			runOnlyForDeploymentPostprocessing = 0;
		};
/* End PBXFrameworksBuildPhase section */

/* Begin PBXGroup section */
		5C5D5A592451D801008C8D2B /* Base */ = {
			isa = PBXGroup;
			children = (
				5C5D5A5A2451D823008C8D2B /* Person.swift */,
			);
			path = Base;
			sourceTree = "<group>";
		};
		5C661BB524507B61008B7DC9 = {
			isa = PBXGroup;
			children = (
				5C661BC024507B61008B7DC9 /* Project10 */,
				5C661BBF24507B61008B7DC9 /* Products */,
			);
			sourceTree = "<group>";
		};
		5C661BBF24507B61008B7DC9 /* Products */ = {
			isa = PBXGroup;
			children = (
				5C661BBE24507B61008B7DC9 /* Project10.app */,
			);
			name = Products;
			sourceTree = "<group>";
		};
		5C661BC024507B61008B7DC9 /* Project10 */ = {
			isa = PBXGroup;
			children = (
				5C661BCA24507B63008B7DC9 /* Assets.xcassets */,
				5C661BCF24507B63008B7DC9 /* Info.plist */,
				5C661BDB24507C35008B7DC9 /* Delegates */,
				5C661BDA24507C33008B7DC9 /* Coordinator */,
				5C661BD924507C31008B7DC9 /* Views */,
				5C661BD824507C2E008B7DC9 /* Storyboards */,
			);
			path = Project10;
			sourceTree = "<group>";
		};
		5C661BD824507C2E008B7DC9 /* Storyboards */ = {
			isa = PBXGroup;
			children = (
				5C661BC724507B61008B7DC9 /* Main.storyboard */,
				5C661BCC24507B63008B7DC9 /* LaunchScreen.storyboard */,
			);
			path = Storyboards;
			sourceTree = "<group>";
		};
		5C661BD924507C31008B7DC9 /* Views */ = {
			isa = PBXGroup;
			children = (
				5C5D5A592451D801008C8D2B /* Base */,
				5C661BE024507CEC008B7DC9 /* Main */,
			);
			path = Views;
			sourceTree = "<group>";
		};
		5C661BDA24507C33008B7DC9 /* Coordinator */ = {
			isa = PBXGroup;
			children = (
				5C661BDC24507C6B008B7DC9 /* Coordinator.swift */,
				5C661BE324507DEE008B7DC9 /* StoryboardInitialize.swift */,
			);
			path = Coordinator;
			sourceTree = "<group>";
		};
		5C661BDB24507C35008B7DC9 /* Delegates */ = {
			isa = PBXGroup;
			children = (
				5C661BC124507B61008B7DC9 /* AppDelegate.swift */,
				5C661BC324507B61008B7DC9 /* SceneDelegate.swift */,
				5C661BDE24507CA3008B7DC9 /* AppCoordinator.swift */,
			);
			path = Delegates;
			sourceTree = "<group>";
		};
		5C661BE024507CEC008B7DC9 /* Main */ = {
			isa = PBXGroup;
			children = (
				5C661BE5245080A3008B7DC9 /* Main Cell */,
				5C661BD524507B99008B7DC9 /* MainViewController.swift */,
				5C661BE124507CFE008B7DC9 /* MainCoordinator.swift */,
			);
			path = Main;
			sourceTree = "<group>";
		};
		5C661BE5245080A3008B7DC9 /* Main Cell */ = {
			isa = PBXGroup;
			children = (
				5C661BE8245080F0008B7DC9 /* PersonCell.swift */,
			);
			path = "Main Cell";
			sourceTree = "<group>";
		};
/* End PBXGroup section */

/* Begin PBXNativeTarget section */
		5C661BBD24507B61008B7DC9 /* Project10 */ = {
			isa = PBXNativeTarget;
			buildConfigurationList = 5C661BD224507B63008B7DC9 /* Build configuration list for PBXNativeTarget "Project10" */;
			buildPhases = (
				5C661BBA24507B61008B7DC9 /* Sources */,
				5C661BBB24507B61008B7DC9 /* Frameworks */,
				5C661BBC24507B61008B7DC9 /* Resources */,
			);
			buildRules = (
			);
			dependencies = (
			);
			name = Project10;
			productName = Project10;
			productReference = 5C661BBE24507B61008B7DC9 /* Project10.app */;
			productType = "com.apple.product-type.application";
		};
/* End PBXNativeTarget section */

/* Begin PBXProject section */
		5C661BB624507B61008B7DC9 /* Project object */ = {
			isa = PBXProject;
			attributes = {
				LastSwiftUpdateCheck = 1120;
				LastUpgradeCheck = 1120;
				ORGANIZATIONNAME = "Daniel Gx";
				TargetAttributes = {
					5C661BBD24507B61008B7DC9 = {
						CreatedOnToolsVersion = 11.2.1;
					};
				};
			};
			buildConfigurationList = 5C661BB924507B61008B7DC9 /* Build configuration list for PBXProject "Project10" */;
			compatibilityVersion = "Xcode 9.3";
			developmentRegion = en;
			hasScannedForEncodings = 0;
			knownRegions = (
				en,
				Base,
			);
			mainGroup = 5C661BB524507B61008B7DC9;
			productRefGroup = 5C661BBF24507B61008B7DC9 /* Products */;
			projectDirPath = "";
			projectRoot = "";
			targets = (
				5C661BBD24507B61008B7DC9 /* Project10 */,
			);
		};
/* End PBXProject section */

/* Begin PBXResourcesBuildPhase section */
		5C661BBC24507B61008B7DC9 /* Resources */ = {
			isa = PBXResourcesBuildPhase;
			buildActionMask = 2147483647;
			files = (
				5C661BCE24507B63008B7DC9 /* LaunchScreen.storyboard in Resources */,
				5C661BCB24507B63008B7DC9 /* Assets.xcassets in Resources */,
				5C661BC924507B61008B7DC9 /* Main.storyboard in Resources */,
			);
			runOnlyForDeploymentPostprocessing = 0;
		};
/* End PBXResourcesBuildPhase section */

/* Begin PBXSourcesBuildPhase section */
		5C661BBA24507B61008B7DC9 /* Sources */ = {
			isa = PBXSourcesBuildPhase;
			buildActionMask = 2147483647;
			files = (
				5C661BDD24507C6B008B7DC9 /* Coordinator.swift in Sources */,
				5C661BE224507CFE008B7DC9 /* MainCoordinator.swift in Sources */,
				5C661BE9245080F0008B7DC9 /* PersonCell.swift in Sources */,
				5C661BE424507DEE008B7DC9 /* StoryboardInitialize.swift in Sources */,
				5C661BD624507B99008B7DC9 /* MainViewController.swift in Sources */,
				5C661BDF24507CA3008B7DC9 /* AppCoordinator.swift in Sources */,
				5C5D5A5B2451D823008C8D2B /* Person.swift in Sources */,
				5C661BC224507B61008B7DC9 /* AppDelegate.swift in Sources */,
				5C661BC424507B61008B7DC9 /* SceneDelegate.swift in Sources */,
			);
			runOnlyForDeploymentPostprocessing = 0;
		};
/* End PBXSourcesBuildPhase section */

/* Begin PBXVariantGroup section */
		5C661BC724507B61008B7DC9 /* Main.storyboard */ = {
			isa = PBXVariantGroup;
			children = (
				5C661BC824507B61008B7DC9 /* Base */,
			);
			name = Main.storyboard;
			sourceTree = "<group>";
		};
		5C661BCC24507B63008B7DC9 /* LaunchScreen.storyboard */ = {
			isa = PBXVariantGroup;
			children = (
				5C661BCD24507B63008B7DC9 /* Base */,
			);
			name = LaunchScreen.storyboard;
			sourceTree = "<group>";
		};
/* End PBXVariantGroup section */

/* Begin XCBuildConfiguration section */
		5C661BD024507B63008B7DC9 /* Debug */ = {
			isa = XCBuildConfiguration;
			buildSettings = {
				ALWAYS_SEARCH_USER_PATHS = NO;
				CLANG_ANALYZER_NONNULL = YES;
				CLANG_ANALYZER_NUMBER_OBJECT_CONVERSION = YES_AGGRESSIVE;
				CLANG_CXX_LANGUAGE_STANDARD = "gnu++14";
				CLANG_CXX_LIBRARY = "libc++";
				CLANG_ENABLE_MODULES = YES;
				CLANG_ENABLE_OBJC_ARC = YES;
				CLANG_ENABLE_OBJC_WEAK = YES;
				CLANG_WARN_BLOCK_CAPTURE_AUTORELEASING = YES;
				CLANG_WARN_BOOL_CONVERSION = YES;
				CLANG_WARN_COMMA = YES;
				CLANG_WARN_CONSTANT_CONVERSION = YES;
				CLANG_WARN_DEPRECATED_OBJC_IMPLEMENTATIONS = YES;
				CLANG_WARN_DIRECT_OBJC_ISA_USAGE = YES_ERROR;
				CLANG_WARN_DOCUMENTATION_COMMENTS = YES;
				CLANG_WARN_EMPTY_BODY = YES;
				CLANG_WARN_ENUM_CONVERSION = YES;
				CLANG_WARN_INFINITE_RECURSION = YES;
				CLANG_WARN_INT_CONVERSION = YES;
				CLANG_WARN_NON_LITERAL_NULL_CONVERSION = YES;
				CLANG_WARN_OBJC_IMPLICIT_RETAIN_SELF = YES;
				CLANG_WARN_OBJC_LITERAL_CONVERSION = YES;
				CLANG_WARN_OBJC_ROOT_CLASS = YES_ERROR;
				CLANG_WARN_RANGE_LOOP_ANALYSIS = YES;
				CLANG_WARN_STRICT_PROTOTYPES = YES;
				CLANG_WARN_SUSPICIOUS_MOVE = YES;
				CLANG_WARN_UNGUARDED_AVAILABILITY = YES_AGGRESSIVE;
				CLANG_WARN_UNREACHABLE_CODE = YES;
				CLANG_WARN__DUPLICATE_METHOD_MATCH = YES;
				COPY_PHASE_STRIP = NO;
				DEBUG_INFORMATION_FORMAT = dwarf;
				ENABLE_STRICT_OBJC_MSGSEND = YES;
				ENABLE_TESTABILITY = YES;
				GCC_C_LANGUAGE_STANDARD = gnu11;
				GCC_DYNAMIC_NO_PIC = NO;
				GCC_NO_COMMON_BLOCKS = YES;
				GCC_OPTIMIZATION_LEVEL = 0;
				GCC_PREPROCESSOR_DEFINITIONS = (
					"DEBUG=1",
					"$(inherited)",
				);
				GCC_WARN_64_TO_32_BIT_CONVERSION = YES;
				GCC_WARN_ABOUT_RETURN_TYPE = YES_ERROR;
				GCC_WARN_UNDECLARED_SELECTOR = YES;
				GCC_WARN_UNINITIALIZED_AUTOS = YES_AGGRESSIVE;
				GCC_WARN_UNUSED_FUNCTION = YES;
				GCC_WARN_UNUSED_VARIABLE = YES;
				IPHONEOS_DEPLOYMENT_TARGET = 13.2;
				MTL_ENABLE_DEBUG_INFO = INCLUDE_SOURCE;
				MTL_FAST_MATH = YES;
				ONLY_ACTIVE_ARCH = YES;
				SDKROOT = iphoneos;
				SWIFT_ACTIVE_COMPILATION_CONDITIONS = DEBUG;
				SWIFT_OPTIMIZATION_LEVEL = "-Onone";
			};
			name = Debug;
		};
		5C661BD124507B63008B7DC9 /* Release */ = {
			isa = XCBuildConfiguration;
			buildSettings = {
				ALWAYS_SEARCH_USER_PATHS = NO;
				CLANG_ANALYZER_NONNULL = YES;
				CLANG_ANALYZER_NUMBER_OBJECT_CONVERSION = YES_AGGRESSIVE;
				CLANG_CXX_LANGUAGE_STANDARD = "gnu++14";
				CLANG_CXX_LIBRARY = "libc++";
				CLANG_ENABLE_MODULES = YES;
				CLANG_ENABLE_OBJC_ARC = YES;
				CLANG_ENABLE_OBJC_WEAK = YES;
				CLANG_WARN_BLOCK_CAPTURE_AUTORELEASING = YES;
				CLANG_WARN_BOOL_CONVERSION = YES;
				CLANG_WARN_COMMA = YES;
				CLANG_WARN_CONSTANT_CONVERSION = YES;
				CLANG_WARN_DEPRECATED_OBJC_IMPLEMENTATIONS = YES;
				CLANG_WARN_DIRECT_OBJC_ISA_USAGE = YES_ERROR;
				CLANG_WARN_DOCUMENTATION_COMMENTS = YES;
				CLANG_WARN_EMPTY_BODY = YES;
				CLANG_WARN_ENUM_CONVERSION = YES;
				CLANG_WARN_INFINITE_RECURSION = YES;
				CLANG_WARN_INT_CONVERSION = YES;
				CLANG_WARN_NON_LITERAL_NULL_CONVERSION = YES;
				CLANG_WARN_OBJC_IMPLICIT_RETAIN_SELF = YES;
				CLANG_WARN_OBJC_LITERAL_CONVERSION = YES;
				CLANG_WARN_OBJC_ROOT_CLASS = YES_ERROR;
				CLANG_WARN_RANGE_LOOP_ANALYSIS = YES;
				CLANG_WARN_STRICT_PROTOTYPES = YES;
				CLANG_WARN_SUSPICIOUS_MOVE = YES;
				CLANG_WARN_UNGUARDED_AVAILABILITY = YES_AGGRESSIVE;
				CLANG_WARN_UNREACHABLE_CODE = YES;
				CLANG_WARN__DUPLICATE_METHOD_MATCH = YES;
				COPY_PHASE_STRIP = NO;
				DEBUG_INFORMATION_FORMAT = "dwarf-with-dsym";
				ENABLE_NS_ASSERTIONS = NO;
				ENABLE_STRICT_OBJC_MSGSEND = YES;
				GCC_C_LANGUAGE_STANDARD = gnu11;
				GCC_NO_COMMON_BLOCKS = YES;
				GCC_WARN_64_TO_32_BIT_CONVERSION = YES;
				GCC_WARN_ABOUT_RETURN_TYPE = YES_ERROR;
				GCC_WARN_UNDECLARED_SELECTOR = YES;
				GCC_WARN_UNINITIALIZED_AUTOS = YES_AGGRESSIVE;
				GCC_WARN_UNUSED_FUNCTION = YES;
				GCC_WARN_UNUSED_VARIABLE = YES;
				IPHONEOS_DEPLOYMENT_TARGET = 13.2;
				MTL_ENABLE_DEBUG_INFO = NO;
				MTL_FAST_MATH = YES;
				SDKROOT = iphoneos;
				SWIFT_COMPILATION_MODE = wholemodule;
				SWIFT_OPTIMIZATION_LEVEL = "-O";
				VALIDATE_PRODUCT = YES;
			};
			name = Release;
		};
		5C661BD324507B63008B7DC9 /* Debug */ = {
			isa = XCBuildConfiguration;
			buildSettings = {
				ASSETCATALOG_COMPILER_APPICON_NAME = AppIcon;
				CODE_SIGN_STYLE = Automatic;
				DEVELOPMENT_TEAM = 53L9Q56SAD;
				INFOPLIST_FILE = Project10/Info.plist;
				LD_RUNPATH_SEARCH_PATHS = (
					"$(inherited)",
					"@executable_path/Frameworks",
				);
				PRODUCT_BUNDLE_IDENTIFIER = com.danielgx.ios.Project10;
				PRODUCT_NAME = "$(TARGET_NAME)";
				SWIFT_VERSION = 5.0;
				TARGETED_DEVICE_FAMILY = "1,2";
			};
			name = Debug;
		};
		5C661BD424507B63008B7DC9 /* Release */ = {
			isa = XCBuildConfiguration;
			buildSettings = {
				ASSETCATALOG_COMPILER_APPICON_NAME = AppIcon;
				CODE_SIGN_STYLE = Automatic;
				DEVELOPMENT_TEAM = 53L9Q56SAD;
				INFOPLIST_FILE = Project10/Info.plist;
				LD_RUNPATH_SEARCH_PATHS = (
					"$(inherited)",
					"@executable_path/Frameworks",
				);
				PRODUCT_BUNDLE_IDENTIFIER = com.danielgx.ios.Project10;
				PRODUCT_NAME = "$(TARGET_NAME)";
				SWIFT_VERSION = 5.0;
				TARGETED_DEVICE_FAMILY = "1,2";
			};
			name = Release;
		};
/* End XCBuildConfiguration section */

/* Begin XCConfigurationList section */
		5C661BB924507B61008B7DC9 /* Build configuration list for PBXProject "Project10" */ = {
			isa = XCConfigurationList;
			buildConfigurations = (
				5C661BD024507B63008B7DC9 /* Debug */,
				5C661BD124507B63008B7DC9 /* Release */,
			);
			defaultConfigurationIsVisible = 0;
			defaultConfigurationName = Release;
		};
		5C661BD224507B63008B7DC9 /* Build configuration list for PBXNativeTarget "Project10" */ = {
			isa = XCConfigurationList;
			buildConfigurations = (
				5C661BD324507B63008B7DC9 /* Debug */,
				5C661BD424507B63008B7DC9 /* Release */,
			);
			defaultConfigurationIsVisible = 0;
			defaultConfigurationName = Release;
		};
/* End XCConfigurationList section */
	};
	rootObject = 5C661BB624507B61008B7DC9 /* Project object */;
}
