// !$*UTF8*$!
{
	archiveVersion = 1;
	classes = {
	};
	objectVersion = 50;
	objects = {

/* Begin PBXBuildFile section */
		5C8F9F8A243CBD6300ABEDEF /* AppDelegate.swift in Sources */ = {isa = PBXBuildFile; fileRef = 5C8F9F89243CBD6300ABEDEF /* AppDelegate.swift */; };
		5C8F9F8C243CBD6300ABEDEF /* SceneDelegate.swift in Sources */ = {isa = PBXBuildFile; fileRef = 5C8F9F8B243CBD6300ABEDEF /* SceneDelegate.swift */; };
		5C8F9F91243CBD6300ABEDEF /* Main.storyboard in Resources */ = {isa = PBXBuildFile; fileRef = 5C8F9F8F243CBD6300ABEDEF /* Main.storyboard */; };
		5C8F9F93243CBD6400ABEDEF /* Assets.xcassets in Resources */ = {isa = PBXBuildFile; fileRef = 5C8F9F92243CBD6400ABEDEF /* Assets.xcassets */; };
		5C8F9F96243CBD6400ABEDEF /* LaunchScreen.storyboard in Resources */ = {isa = PBXBuildFile; fileRef = 5C8F9F94243CBD6400ABEDEF /* LaunchScreen.storyboard */; };
		5C8F9FA3243CBDDC00ABEDEF /* ShoppingListTableView.swift in Sources */ = {isa = PBXBuildFile; fileRef = 5C8F9FA2243CBDDC00ABEDEF /* ShoppingListTableView.swift */; };
		5C8F9FA5243CBE2E00ABEDEF /* Coordinator.swift in Sources */ = {isa = PBXBuildFile; fileRef = 5C8F9FA4243CBE2E00ABEDEF /* Coordinator.swift */; };
		5C8F9FA7243CBF5700ABEDEF /* Storyboarded.swift in Sources */ = {isa = PBXBuildFile; fileRef = 5C8F9FA6243CBF5700ABEDEF /* Storyboarded.swift */; };
		5C8F9FA9243CC03700ABEDEF /* MainCoordinator.swift in Sources */ = {isa = PBXBuildFile; fileRef = 5C8F9FA8243CC03700ABEDEF /* MainCoordinator.swift */; };
/* End PBXBuildFile section */

/* Begin PBXFileReference section */
		5C8F9F86243CBD6300ABEDEF /* Consolidation2.app */ = {isa = PBXFileReference; explicitFileType = wrapper.application; includeInIndex = 0; path = Consolidation2.app; sourceTree = BUILT_PRODUCTS_DIR; };
		5C8F9F89243CBD6300ABEDEF /* AppDelegate.swift */ = {isa = PBXFileReference; lastKnownFileType = sourcecode.swift; path = AppDelegate.swift; sourceTree = "<group>"; };
		5C8F9F8B243CBD6300ABEDEF /* SceneDelegate.swift */ = {isa = PBXFileReference; lastKnownFileType = sourcecode.swift; path = SceneDelegate.swift; sourceTree = "<group>"; };
		5C8F9F90243CBD6300ABEDEF /* Base */ = {isa = PBXFileReference; lastKnownFileType = file.storyboard; name = Base; path = Base.lproj/Main.storyboard; sourceTree = "<group>"; };
		5C8F9F92243CBD6400ABEDEF /* Assets.xcassets */ = {isa = PBXFileReference; lastKnownFileType = folder.assetcatalog; path = Assets.xcassets; sourceTree = "<group>"; };
		5C8F9F95243CBD6400ABEDEF /* Base */ = {isa = PBXFileReference; lastKnownFileType = file.storyboard; name = Base; path = Base.lproj/LaunchScreen.storyboard; sourceTree = "<group>"; };
		5C8F9F97243CBD6400ABEDEF /* Info.plist */ = {isa = PBXFileReference; lastKnownFileType = text.plist.xml; path = Info.plist; sourceTree = "<group>"; };
		5C8F9FA2243CBDDC00ABEDEF /* ShoppingListTableView.swift */ = {isa = PBXFileReference; lastKnownFileType = sourcecode.swift; path = ShoppingListTableView.swift; sourceTree = "<group>"; };
		5C8F9FA4243CBE2E00ABEDEF /* Coordinator.swift */ = {isa = PBXFileReference; lastKnownFileType = sourcecode.swift; path = Coordinator.swift; sourceTree = "<group>"; };
		5C8F9FA6243CBF5700ABEDEF /* Storyboarded.swift */ = {isa = PBXFileReference; lastKnownFileType = sourcecode.swift; path = Storyboarded.swift; sourceTree = "<group>"; };
		5C8F9FA8243CC03700ABEDEF /* MainCoordinator.swift */ = {isa = PBXFileReference; lastKnownFileType = sourcecode.swift; path = MainCoordinator.swift; sourceTree = "<group>"; };
/* End PBXFileReference section */

/* Begin PBXFrameworksBuildPhase section */
		5C8F9F83243CBD6200ABEDEF /* Frameworks */ = {
			isa = PBXFrameworksBuildPhase;
			buildActionMask = 2147483647;
			files = (
			);
			runOnlyForDeploymentPostprocessing = 0;
		};
/* End PBXFrameworksBuildPhase section */

/* Begin PBXGroup section */
		5C8F9F7D243CBD6200ABEDEF = {
			isa = PBXGroup;
			children = (
				5C8F9F88243CBD6300ABEDEF /* Consolidation2 */,
				5C8F9F87243CBD6300ABEDEF /* Products */,
			);
			sourceTree = "<group>";
		};
		5C8F9F87243CBD6300ABEDEF /* Products */ = {
			isa = PBXGroup;
			children = (
				5C8F9F86243CBD6300ABEDEF /* Consolidation2.app */,
			);
			name = Products;
			sourceTree = "<group>";
		};
		5C8F9F88243CBD6300ABEDEF /* Consolidation2 */ = {
			isa = PBXGroup;
			children = (
				5C8F9F92243CBD6400ABEDEF /* Assets.xcassets */,
				5C8F9F97243CBD6400ABEDEF /* Info.plist */,
				5C8F9FA0243CBD7500ABEDEF /* Delegates */,
				5C8F9F9F243CBD7200ABEDEF /* Coordinator */,
				5C8F9F9E243CBD7000ABEDEF /* Views */,
				5C8F9FA1243CBDA400ABEDEF /* Storyboards */,
			);
			path = Consolidation2;
			sourceTree = "<group>";
		};
		5C8F9F9E243CBD7000ABEDEF /* Views */ = {
			isa = PBXGroup;
			children = (
				5C8F9FA2243CBDDC00ABEDEF /* ShoppingListTableView.swift */,
			);
			path = Views;
			sourceTree = "<group>";
		};
		5C8F9F9F243CBD7200ABEDEF /* Coordinator */ = {
			isa = PBXGroup;
			children = (
				5C8F9FA4243CBE2E00ABEDEF /* Coordinator.swift */,
				5C8F9FA6243CBF5700ABEDEF /* Storyboarded.swift */,
				5C8F9FA8243CC03700ABEDEF /* MainCoordinator.swift */,
			);
			path = Coordinator;
			sourceTree = "<group>";
		};
		5C8F9FA0243CBD7500ABEDEF /* Delegates */ = {
			isa = PBXGroup;
			children = (
				5C8F9F89243CBD6300ABEDEF /* AppDelegate.swift */,
				5C8F9F8B243CBD6300ABEDEF /* SceneDelegate.swift */,
			);
			path = Delegates;
			sourceTree = "<group>";
		};
		5C8F9FA1243CBDA400ABEDEF /* Storyboards */ = {
			isa = PBXGroup;
			children = (
				5C8F9F8F243CBD6300ABEDEF /* Main.storyboard */,
				5C8F9F94243CBD6400ABEDEF /* LaunchScreen.storyboard */,
			);
			path = Storyboards;
			sourceTree = "<group>";
		};
/* End PBXGroup section */

/* Begin PBXNativeTarget section */
		5C8F9F85243CBD6200ABEDEF /* Consolidation2 */ = {
			isa = PBXNativeTarget;
			buildConfigurationList = 5C8F9F9A243CBD6400ABEDEF /* Build configuration list for PBXNativeTarget "Consolidation2" */;
			buildPhases = (
				5C8F9F82243CBD6200ABEDEF /* Sources */,
				5C8F9F83243CBD6200ABEDEF /* Frameworks */,
				5C8F9F84243CBD6200ABEDEF /* Resources */,
			);
			buildRules = (
			);
			dependencies = (
			);
			name = Consolidation2;
			productName = Consolidation2;
			productReference = 5C8F9F86243CBD6300ABEDEF /* Consolidation2.app */;
			productType = "com.apple.product-type.application";
		};
/* End PBXNativeTarget section */

/* Begin PBXProject section */
		5C8F9F7E243CBD6200ABEDEF /* Project object */ = {
			isa = PBXProject;
			attributes = {
				LastSwiftUpdateCheck = 1120;
				LastUpgradeCheck = 1120;
				ORGANIZATIONNAME = "Daniel Gx";
				TargetAttributes = {
					5C8F9F85243CBD6200ABEDEF = {
						CreatedOnToolsVersion = 11.2.1;
					};
				};
			};
			buildConfigurationList = 5C8F9F81243CBD6200ABEDEF /* Build configuration list for PBXProject "Consolidation2" */;
			compatibilityVersion = "Xcode 9.3";
			developmentRegion = en;
			hasScannedForEncodings = 0;
			knownRegions = (
				en,
				Base,
			);
			mainGroup = 5C8F9F7D243CBD6200ABEDEF;
			productRefGroup = 5C8F9F87243CBD6300ABEDEF /* Products */;
			projectDirPath = "";
			projectRoot = "";
			targets = (
				5C8F9F85243CBD6200ABEDEF /* Consolidation2 */,
			);
		};
/* End PBXProject section */

/* Begin PBXResourcesBuildPhase section */
		5C8F9F84243CBD6200ABEDEF /* Resources */ = {
			isa = PBXResourcesBuildPhase;
			buildActionMask = 2147483647;
			files = (
				5C8F9F96243CBD6400ABEDEF /* LaunchScreen.storyboard in Resources */,
				5C8F9F93243CBD6400ABEDEF /* Assets.xcassets in Resources */,
				5C8F9F91243CBD6300ABEDEF /* Main.storyboard in Resources */,
			);
			runOnlyForDeploymentPostprocessing = 0;
		};
/* End PBXResourcesBuildPhase section */

/* Begin PBXSourcesBuildPhase section */
		5C8F9F82243CBD6200ABEDEF /* Sources */ = {
			isa = PBXSourcesBuildPhase;
			buildActionMask = 2147483647;
			files = (
				5C8F9FA5243CBE2E00ABEDEF /* Coordinator.swift in Sources */,
				5C8F9FA9243CC03700ABEDEF /* MainCoordinator.swift in Sources */,
				5C8F9FA3243CBDDC00ABEDEF /* ShoppingListTableView.swift in Sources */,
				5C8F9FA7243CBF5700ABEDEF /* Storyboarded.swift in Sources */,
				5C8F9F8A243CBD6300ABEDEF /* AppDelegate.swift in Sources */,
				5C8F9F8C243CBD6300ABEDEF /* SceneDelegate.swift in Sources */,
			);
			runOnlyForDeploymentPostprocessing = 0;
		};
/* End PBXSourcesBuildPhase section */

/* Begin PBXVariantGroup section */
		5C8F9F8F243CBD6300ABEDEF /* Main.storyboard */ = {
			isa = PBXVariantGroup;
			children = (
				5C8F9F90243CBD6300ABEDEF /* Base */,
			);
			name = Main.storyboard;
			sourceTree = "<group>";
		};
		5C8F9F94243CBD6400ABEDEF /* LaunchScreen.storyboard */ = {
			isa = PBXVariantGroup;
			children = (
				5C8F9F95243CBD6400ABEDEF /* Base */,
			);
			name = LaunchScreen.storyboard;
			sourceTree = "<group>";
		};
/* End PBXVariantGroup section */

/* Begin XCBuildConfiguration section */
		5C8F9F98243CBD6400ABEDEF /* Debug */ = {
			isa = XCBuildConfiguration;
			buildSettings = {
				ALWAYS_SEARCH_USER_PATHS = NO;
				CLANG_ANALYZER_NONNULL = YES;
				CLANG_ANALYZER_NUMBER_OBJECT_CONVERSION = YES_AGGRESSIVE;
				CLANG_CXX_LANGUAGE_STANDARD = "gnu++14";
				CLANG_CXX_LIBRARY = "libc++";
				CLANG_ENABLE_MODULES = YES;
				CLANG_ENABLE_OBJC_ARC = YES;
				CLANG_ENABLE_OBJC_WEAK = YES;
				CLANG_WARN_BLOCK_CAPTURE_AUTORELEASING = YES;
				CLANG_WARN_BOOL_CONVERSION = YES;
				CLANG_WARN_COMMA = YES;
				CLANG_WARN_CONSTANT_CONVERSION = YES;
				CLANG_WARN_DEPRECATED_OBJC_IMPLEMENTATIONS = YES;
				CLANG_WARN_DIRECT_OBJC_ISA_USAGE = YES_ERROR;
				CLANG_WARN_DOCUMENTATION_COMMENTS = YES;
				CLANG_WARN_EMPTY_BODY = YES;
				CLANG_WARN_ENUM_CONVERSION = YES;
				CLANG_WARN_INFINITE_RECURSION = YES;
				CLANG_WARN_INT_CONVERSION = YES;
				CLANG_WARN_NON_LITERAL_NULL_CONVERSION = YES;
				CLANG_WARN_OBJC_IMPLICIT_RETAIN_SELF = YES;
				CLANG_WARN_OBJC_LITERAL_CONVERSION = YES;
				CLANG_WARN_OBJC_ROOT_CLASS = YES_ERROR;
				CLANG_WARN_RANGE_LOOP_ANALYSIS = YES;
				CLANG_WARN_STRICT_PROTOTYPES = YES;
				CLANG_WARN_SUSPICIOUS_MOVE = YES;
				CLANG_WARN_UNGUARDED_AVAILABILITY = YES_AGGRESSIVE;
				CLANG_WARN_UNREACHABLE_CODE = YES;
				CLANG_WARN__DUPLICATE_METHOD_MATCH = YES;
				COPY_PHASE_STRIP = NO;
				DEBUG_INFORMATION_FORMAT = dwarf;
				ENABLE_STRICT_OBJC_MSGSEND = YES;
				ENABLE_TESTABILITY = YES;
				GCC_C_LANGUAGE_STANDARD = gnu11;
				GCC_DYNAMIC_NO_PIC = NO;
				GCC_NO_COMMON_BLOCKS = YES;
				GCC_OPTIMIZATION_LEVEL = 0;
				GCC_PREPROCESSOR_DEFINITIONS = (
					"DEBUG=1",
					"$(inherited)",
				);
				GCC_WARN_64_TO_32_BIT_CONVERSION = YES;
				GCC_WARN_ABOUT_RETURN_TYPE = YES_ERROR;
				GCC_WARN_UNDECLARED_SELECTOR = YES;
				GCC_WARN_UNINITIALIZED_AUTOS = YES_AGGRESSIVE;
				GCC_WARN_UNUSED_FUNCTION = YES;
				GCC_WARN_UNUSED_VARIABLE = YES;
				IPHONEOS_DEPLOYMENT_TARGET = 13.2;
				MTL_ENABLE_DEBUG_INFO = INCLUDE_SOURCE;
				MTL_FAST_MATH = YES;
				ONLY_ACTIVE_ARCH = YES;
				SDKROOT = iphoneos;
				SWIFT_ACTIVE_COMPILATION_CONDITIONS = DEBUG;
				SWIFT_OPTIMIZATION_LEVEL = "-Onone";
			};
			name = Debug;
		};
		5C8F9F99243CBD6400ABEDEF /* Release */ = {
			isa = XCBuildConfiguration;
			buildSettings = {
				ALWAYS_SEARCH_USER_PATHS = NO;
				CLANG_ANALYZER_NONNULL = YES;
				CLANG_ANALYZER_NUMBER_OBJECT_CONVERSION = YES_AGGRESSIVE;
				CLANG_CXX_LANGUAGE_STANDARD = "gnu++14";
				CLANG_CXX_LIBRARY = "libc++";
				CLANG_ENABLE_MODULES = YES;
				CLANG_ENABLE_OBJC_ARC = YES;
				CLANG_ENABLE_OBJC_WEAK = YES;
				CLANG_WARN_BLOCK_CAPTURE_AUTORELEASING = YES;
				CLANG_WARN_BOOL_CONVERSION = YES;
				CLANG_WARN_COMMA = YES;
				CLANG_WARN_CONSTANT_CONVERSION = YES;
				CLANG_WARN_DEPRECATED_OBJC_IMPLEMENTATIONS = YES;
				CLANG_WARN_DIRECT_OBJC_ISA_USAGE = YES_ERROR;
				CLANG_WARN_DOCUMENTATION_COMMENTS = YES;
				CLANG_WARN_EMPTY_BODY = YES;
				CLANG_WARN_ENUM_CONVERSION = YES;
				CLANG_WARN_INFINITE_RECURSION = YES;
				CLANG_WARN_INT_CONVERSION = YES;
				CLANG_WARN_NON_LITERAL_NULL_CONVERSION = YES;
				CLANG_WARN_OBJC_IMPLICIT_RETAIN_SELF = YES;
				CLANG_WARN_OBJC_LITERAL_CONVERSION = YES;
				CLANG_WARN_OBJC_ROOT_CLASS = YES_ERROR;
				CLANG_WARN_RANGE_LOOP_ANALYSIS = YES;
				CLANG_WARN_STRICT_PROTOTYPES = YES;
				CLANG_WARN_SUSPICIOUS_MOVE = YES;
				CLANG_WARN_UNGUARDED_AVAILABILITY = YES_AGGRESSIVE;
				CLANG_WARN_UNREACHABLE_CODE = YES;
				CLANG_WARN__DUPLICATE_METHOD_MATCH = YES;
				COPY_PHASE_STRIP = NO;
				DEBUG_INFORMATION_FORMAT = "dwarf-with-dsym";
				ENABLE_NS_ASSERTIONS = NO;
				ENABLE_STRICT_OBJC_MSGSEND = YES;
				GCC_C_LANGUAGE_STANDARD = gnu11;
				GCC_NO_COMMON_BLOCKS = YES;
				GCC_WARN_64_TO_32_BIT_CONVERSION = YES;
				GCC_WARN_ABOUT_RETURN_TYPE = YES_ERROR;
				GCC_WARN_UNDECLARED_SELECTOR = YES;
				GCC_WARN_UNINITIALIZED_AUTOS = YES_AGGRESSIVE;
				GCC_WARN_UNUSED_FUNCTION = YES;
				GCC_WARN_UNUSED_VARIABLE = YES;
				IPHONEOS_DEPLOYMENT_TARGET = 13.2;
				MTL_ENABLE_DEBUG_INFO = NO;
				MTL_FAST_MATH = YES;
				SDKROOT = iphoneos;
				SWIFT_COMPILATION_MODE = wholemodule;
				SWIFT_OPTIMIZATION_LEVEL = "-O";
				VALIDATE_PRODUCT = YES;
			};
			name = Release;
		};
		5C8F9F9B243CBD6400ABEDEF /* Debug */ = {
			isa = XCBuildConfiguration;
			buildSettings = {
				ASSETCATALOG_COMPILER_APPICON_NAME = AppIcon;
				CODE_SIGN_STYLE = Automatic;
				INFOPLIST_FILE = Consolidation2/Info.plist;
				LD_RUNPATH_SEARCH_PATHS = (
					"$(inherited)",
					"@executable_path/Frameworks",
				);
				PRODUCT_BUNDLE_IDENTIFIER = com.danielgx.Consolidation2;
				PRODUCT_NAME = "$(TARGET_NAME)";
				SWIFT_VERSION = 5.0;
				TARGETED_DEVICE_FAMILY = "1,2";
			};
			name = Debug;
		};
		5C8F9F9C243CBD6400ABEDEF /* Release */ = {
			isa = XCBuildConfiguration;
			buildSettings = {
				ASSETCATALOG_COMPILER_APPICON_NAME = AppIcon;
				CODE_SIGN_STYLE = Automatic;
				INFOPLIST_FILE = Consolidation2/Info.plist;
				LD_RUNPATH_SEARCH_PATHS = (
					"$(inherited)",
					"@executable_path/Frameworks",
				);
				PRODUCT_BUNDLE_IDENTIFIER = com.danielgx.Consolidation2;
				PRODUCT_NAME = "$(TARGET_NAME)";
				SWIFT_VERSION = 5.0;
				TARGETED_DEVICE_FAMILY = "1,2";
			};
			name = Release;
		};
/* End XCBuildConfiguration section */

/* Begin XCConfigurationList section */
		5C8F9F81243CBD6200ABEDEF /* Build configuration list for PBXProject "Consolidation2" */ = {
			isa = XCConfigurationList;
			buildConfigurations = (
				5C8F9F98243CBD6400ABEDEF /* Debug */,
				5C8F9F99243CBD6400ABEDEF /* Release */,
			);
			defaultConfigurationIsVisible = 0;
			defaultConfigurationName = Release;
		};
		5C8F9F9A243CBD6400ABEDEF /* Build configuration list for PBXNativeTarget "Consolidation2" */ = {
			isa = XCConfigurationList;
			buildConfigurations = (
				5C8F9F9B243CBD6400ABEDEF /* Debug */,
				5C8F9F9C243CBD6400ABEDEF /* Release */,
			);
			defaultConfigurationIsVisible = 0;
			defaultConfigurationName = Release;
		};
/* End XCConfigurationList section */
	};
	rootObject = 5C8F9F7E243CBD6200ABEDEF /* Project object */;
}
